
Microsoft Visual Studio Solution File, Format Version 12.00
# Visual Studio 15
VisualStudioVersion = 15.0.28010.2036
MinimumVisualStudioVersion = 10.0.40219.1
Project("{FAE04EC0-301F-11D3-BF4B-00C04F79EFBC}") = "Vue-Sample", "Vue-Sample.csproj", "{0176B648-41B9-4436-A1EC-B74DEDBCC65F}"
EndProject
Global
	GlobalSection(SolutionConfigurationPlatforms) = preSolution
		Debug|Any CPU = Debug|Any CPU
		Release|Any CPU = Release|Any CPU
	EndGlobalSection
	GlobalSection(ProjectConfigurationPlatforms) = postSolution
		{0176B648-41B9-4436-A1EC-B74DEDBCC65F}.Debug|Any CPU.ActiveCfg = Debug|Any CPU
		{0176B648-41B9-4436-A1EC-B74DEDBCC65F}.Debug|Any CPU.Build.0 = Debug|Any CPU
		{0176B648-41B9-4436-A1EC-B74DEDBCC65F}.Release|Any CPU.ActiveCfg = Release|Any CPU
		{0176B648-41B9-4436-A1EC-B74DEDBCC65F}.Release|Any CPU.Build.0 = Release|Any CPU
	EndGlobalSection
	GlobalSection(SolutionProperties) = preSolution
		HideSolutionNode = FALSE
	EndGlobalSection
	GlobalSection(ExtensibilityGlobals) = postSolution
		SolutionGuid = {02CFBC66-49CB-486B-BE12-3C97235921C6}
	EndGlobalSection
EndGlobal
